
Microsoft Visual Studio Solution File, Format Version 12.00
# Visual Studio Version 16
VisualStudioVersion = 16.0.31321.278
MinimumVisualStudioVersion = 10.0.40219.1
Project("{9A19103F-16F7-4668-BE54-9A1E7A4F7556}") = "Barn", "Barn\Barn.csproj", "{9F296142-F0DB-435C-81FE-6AE1421DC589}"
EndProject
Project("{9A19103F-16F7-4668-BE54-9A1E7A4F7556}") = "BurnAgain", "BurnAgain\BurnAgain.csproj", "{07F8C75C-CDB6-4FDD-A6C7-6D42B02A5CAE}"
EndProject
Global
	GlobalSection(SolutionConfigurationPlatforms) = preSolution
		Debug|Any CPU = Debug|Any CPU
		Release|Any CPU = Release|Any CPU
	EndGlobalSection
	GlobalSection(ProjectConfigurationPlatforms) = postSolution
		{9F296142-F0DB-435C-81FE-6AE1421DC589}.Debug|Any CPU.ActiveCfg = Debug|Any CPU
		{9F296142-F0DB-435C-81FE-6AE1421DC589}.Debug|Any CPU.Build.0 = Debug|Any CPU
		{9F296142-F0DB-435C-81FE-6AE1421DC589}.Release|Any CPU.ActiveCfg = Release|Any CPU
		{9F296142-F0DB-435C-81FE-6AE1421DC589}.Release|Any CPU.Build.0 = Release|Any CPU
		{07F8C75C-CDB6-4FDD-A6C7-6D42B02A5CAE}.Debug|Any CPU.ActiveCfg = Debug|Any CPU
		{07F8C75C-CDB6-4FDD-A6C7-6D42B02A5CAE}.Debug|Any CPU.Build.0 = Debug|Any CPU
		{07F8C75C-CDB6-4FDD-A6C7-6D42B02A5CAE}.Release|Any CPU.ActiveCfg = Release|Any CPU
		{07F8C75C-CDB6-4FDD-A6C7-6D42B02A5CAE}.Release|Any CPU.Build.0 = Release|Any CPU
	EndGlobalSection
	GlobalSection(SolutionProperties) = preSolution
		HideSolutionNode = FALSE
	EndGlobalSection
	GlobalSection(ExtensibilityGlobals) = postSolution
		SolutionGuid = {5F39299A-C863-4CF4-8DD5-B535550FF2C2}
	EndGlobalSection
EndGlobal
